lockfileVersion: '9.0'

settings:
  autoInstallPeers: false
  excludeLinksFromLockfile: false

overrides:
  use-sync-external-store: 1.2.2

importers:

  .: {}

  packages/app:
    dependencies:
      react-redux:
        specifier: 9.2.0
        version: 9.2.0
      zustand:
        specifier: 4.5.5
        version: 4.5.5

packages:

  '@types/use-sync-external-store@0.0.6':
    resolution: {integrity: sha512-zFDAD+tlpf2r4asuHEj0XH6pY6i0g5NeAHPn+15wk3BV6JA69eERFXC1gyGThDkVa1zCyKr5jox1+2LbV/AMLg==}

  react-redux@9.2.0:
    resolution: {integrity: sha512-ROY9fvHhwOD9ySfrF0wmvu//bKCQ6AeZZq1nJNtbDC+kk5DuSuNX/n6YWYF/SYy7bSba4D4FSz8DJeKY/S/r+g==}
    peerDependencies:
      '@types/react': ^18.2.25 || ^19
      react: ^18.0 || ^19
      redux: ^5.0.0
    peerDependenciesMeta:
      '@types/react':
        optional: true
      redux:
        optional: true

  use-sync-external-store@1.2.2:
    resolution: {integrity: sha512-PElTlVMwpblvbNqQ82d2n6RjStvdSoNe9FG28kNfz3WiXilJm4DdNkEzRhCZuIDwY8U08WVihhGR5iRqAwfDiw==}
    peerDependencies:
      react: ^16.8.0 || ^17.0.0 || ^18.0.0

  zustand@4.5.5:
    resolution: {integrity: sha512-+0PALYNJNgK6hldkgDq2vLrw5f6g/jCInz52n9RTpropGgeAf/ioFUCdtsjCqu4gNhW9D01rUQBROoRjdzyn2Q==}
    engines: {node: '>=12.7.0'}
    peerDependencies:
      '@types/react': '>=16.8'
      immer: '>=9.0.6'
      react: '>=16.8'
    peerDependenciesMeta:
      '@types/react':
        optional: true
      immer:
        optional: true
      react:
        optional: true

snapshots:

  '@types/use-sync-external-store@0.0.6': {}

  react-redux@9.2.0:
    dependencies:
      '@types/use-sync-external-store': 0.0.6
      use-sync-external-store: 1.2.2

  use-sync-external-store@1.2.2: {}

  zustand@4.5.5:
    dependencies:
      use-sync-external-store: 1.2.2
